
Microsoft Visual Studio Solution File, Format Version 12.00
# Visual Studio Version 17
VisualStudioVersion = 17.1.32210.238
MinimumVisualStudioVersion = 10.0.40219.1
Project("{9A19103F-16F7-4668-BE54-9A1E7A4F7556}") = "DA1", "DA1\DA1.csproj", "{3B557BBB-6708-4C01-BFD6-A3E915DC7E9F}"
EndProject
Project("{2150E333-8FDC-42A3-9474-1A3956D46DE8}") = "Solution Items", "Solution Items", "{27AFA561-0FC7-42F3-BD67-C4EF3A7F9960}"
	ProjectSection(SolutionItems) = preProject
		README.md = README.md
	EndProjectSection
EndProject
Project("{FAE04EC0-301F-11D3-BF4B-00C04F79EFBC}") = "eShopSolution.Data", "eShopSolution.Data\eShopSolution.Data.csproj", "{F5008F91-F1EE-4296-ADFC-C193F350D42A}"
EndProject
Project("{FAE04EC0-301F-11D3-BF4B-00C04F79EFBC}") = "eShopSolution.Application", "eShopSolution.Application\eShopSolution.Application.csproj", "{736A9CE5-88A1-4562-B80B-327C799ECFFF}"
EndProject
Global
	GlobalSection(SolutionConfigurationPlatforms) = preSolution
		Debug|Any CPU = Debug|Any CPU
		Release|Any CPU = Release|Any CPU
	EndGlobalSection
	GlobalSection(ProjectConfigurationPlatforms) = postSolution
		{3B557BBB-6708-4C01-BFD6-A3E915DC7E9F}.Debug|Any CPU.ActiveCfg = Debug|Any CPU
		{3B557BBB-6708-4C01-BFD6-A3E915DC7E9F}.Debug|Any CPU.Build.0 = Debug|Any CPU
		{3B557BBB-6708-4C01-BFD6-A3E915DC7E9F}.Release|Any CPU.ActiveCfg = Release|Any CPU
		{3B557BBB-6708-4C01-BFD6-A3E915DC7E9F}.Release|Any CPU.Build.0 = Release|Any CPU
		{F5008F91-F1EE-4296-ADFC-C193F350D42A}.Debug|Any CPU.ActiveCfg = Debug|Any CPU
		{F5008F91-F1EE-4296-ADFC-C193F350D42A}.Debug|Any CPU.Build.0 = Debug|Any CPU
		{F5008F91-F1EE-4296-ADFC-C193F350D42A}.Release|Any CPU.ActiveCfg = Release|Any CPU
		{F5008F91-F1EE-4296-ADFC-C193F350D42A}.Release|Any CPU.Build.0 = Release|Any CPU
		{736A9CE5-88A1-4562-B80B-327C799ECFFF}.Debug|Any CPU.ActiveCfg = Debug|Any CPU
		{736A9CE5-88A1-4562-B80B-327C799ECFFF}.Debug|Any CPU.Build.0 = Debug|Any CPU
		{736A9CE5-88A1-4562-B80B-327C799ECFFF}.Release|Any CPU.ActiveCfg = Release|Any CPU
		{736A9CE5-88A1-4562-B80B-327C799ECFFF}.Release|Any CPU.Build.0 = Release|Any CPU
	EndGlobalSection
	GlobalSection(SolutionProperties) = preSolution
		HideSolutionNode = FALSE
	EndGlobalSection
	GlobalSection(ExtensibilityGlobals) = postSolution
		SolutionGuid = {2C1E7259-8E6D-4A74-98BF-0B4FAF7ACB18}
	EndGlobalSection
EndGlobal
